// !$*UTF8*$!
{
	archiveVersion = 1;
	classes = {
	};
	objectVersion = 56;
	objects = {

/* Begin PBXBuildFile section */
		A856D8B329D720CC004FCE3A /* AppDelegate.swift in Sources */ = {isa = PBXBuildFile; fileRef = A856D8B229D720CC004FCE3A /* AppDelegate.swift */; };
		A856D8B529D720CC004FCE3A /* SceneDelegate.swift in Sources */ = {isa = PBXBuildFile; fileRef = A856D8B429D720CC004FCE3A /* SceneDelegate.swift */; };
		A856D8B729D720CC004FCE3A /* ViewController.swift in Sources */ = {isa = PBXBuildFile; fileRef = A856D8B629D720CC004FCE3A /* ViewController.swift */; };
		A856D8BA29D720CC004FCE3A /* Main.storyboard in Resources */ = {isa = PBXBuildFile; fileRef = A856D8B829D720CC004FCE3A /* Main.storyboard */; };
		A856D8BC29D720CD004FCE3A /* Assets.xcassets in Resources */ = {isa = PBXBuildFile; fileRef = A856D8BB29D720CD004FCE3A /* Assets.xcassets */; };
		A856D8BF29D720CD004FCE3A /* LaunchScreen.storyboard in Resources */ = {isa = PBXBuildFile; fileRef = A856D8BD29D720CD004FCE3A /* LaunchScreen.storyboard */; };
		A856D8CA29D720CD004FCE3A /* uikit_mvvm_coordinator_demoTests.swift in Sources */ = {isa = PBXBuildFile; fileRef = A856D8C929D720CD004FCE3A /* uikit_mvvm_coordinator_demoTests.swift */; };
		A856D8D429D720CD004FCE3A /* uikit_mvvm_coordinator_demoUITests.swift in Sources */ = {isa = PBXBuildFile; fileRef = A856D8D329D720CD004FCE3A /* uikit_mvvm_coordinator_demoUITests.swift */; };
		A856D8D629D720CD004FCE3A /* uikit_mvvm_coordinator_demoUITestsLaunchTests.swift in Sources */ = {isa = PBXBuildFile; fileRef = A856D8D529D720CD004FCE3A /* uikit_mvvm_coordinator_demoUITestsLaunchTests.swift */; };
/* End PBXBuildFile section */

/* Begin PBXContainerItemProxy section */
		A856D8C629D720CD004FCE3A /* PBXContainerItemProxy */ = {
			isa = PBXContainerItemProxy;
			containerPortal = A856D8A729D720CC004FCE3A /* Project object */;
			proxyType = 1;
			remoteGlobalIDString = A856D8AE29D720CC004FCE3A;
			remoteInfo = "uikit-mvvm-coordinator-demo";
		};
		A856D8D029D720CD004FCE3A /* PBXContainerItemProxy */ = {
			isa = PBXContainerItemProxy;
			containerPortal = A856D8A729D720CC004FCE3A /* Project object */;
			proxyType = 1;
			remoteGlobalIDString = A856D8AE29D720CC004FCE3A;
			remoteInfo = "uikit-mvvm-coordinator-demo";
		};
/* End PBXContainerItemProxy section */

/* Begin PBXFileReference section */
		A856D8AF29D720CC004FCE3A /* uikit-mvvm-coordinator-demo.app */ = {isa = PBXFileReference; explicitFileType = wrapper.application; includeInIndex = 0; path = "uikit-mvvm-coordinator-demo.app"; sourceTree = BUILT_PRODUCTS_DIR; };
		A856D8B229D720CC004FCE3A /* AppDelegate.swift */ = {isa = PBXFileReference; lastKnownFileType = sourcecode.swift; path = AppDelegate.swift; sourceTree = "<group>"; };
		A856D8B429D720CC004FCE3A /* SceneDelegate.swift */ = {isa = PBXFileReference; lastKnownFileType = sourcecode.swift; path = SceneDelegate.swift; sourceTree = "<group>"; };
		A856D8B629D720CC004FCE3A /* ViewController.swift */ = {isa = PBXFileReference; lastKnownFileType = sourcecode.swift; path = ViewController.swift; sourceTree = "<group>"; };
		A856D8B929D720CC004FCE3A /* Base */ = {isa = PBXFileReference; lastKnownFileType = file.storyboard; name = Base; path = Base.lproj/Main.storyboard; sourceTree = "<group>"; };
		A856D8BB29D720CD004FCE3A /* Assets.xcassets */ = {isa = PBXFileReference; lastKnownFileType = folder.assetcatalog; path = Assets.xcassets; sourceTree = "<group>"; };
		A856D8BE29D720CD004FCE3A /* Base */ = {isa = PBXFileReference; lastKnownFileType = file.storyboard; name = Base; path = Base.lproj/LaunchScreen.storyboard; sourceTree = "<group>"; };
		A856D8C029D720CD004FCE3A /* Info.plist */ = {isa = PBXFileReference; lastKnownFileType = text.plist.xml; path = Info.plist; sourceTree = "<group>"; };
		A856D8C529D720CD004FCE3A /* uikit-mvvm-coordinator-demoTests.xctest */ = {isa = PBXFileReference; explicitFileType = wrapper.cfbundle; includeInIndex = 0; path = "uikit-mvvm-coordinator-demoTests.xctest"; sourceTree = BUILT_PRODUCTS_DIR; };
		A856D8C929D720CD004FCE3A /* uikit_mvvm_coordinator_demoTests.swift */ = {isa = PBXFileReference; lastKnownFileType = sourcecode.swift; path = uikit_mvvm_coordinator_demoTests.swift; sourceTree = "<group>"; };
		A856D8CF29D720CD004FCE3A /* uikit-mvvm-coordinator-demoUITests.xctest */ = {isa = PBXFileReference; explicitFileType = wrapper.cfbundle; includeInIndex = 0; path = "uikit-mvvm-coordinator-demoUITests.xctest"; sourceTree = BUILT_PRODUCTS_DIR; };
		A856D8D329D720CD004FCE3A /* uikit_mvvm_coordinator_demoUITests.swift */ = {isa = PBXFileReference; lastKnownFileType = sourcecode.swift; path = uikit_mvvm_coordinator_demoUITests.swift; sourceTree = "<group>"; };
		A856D8D529D720CD004FCE3A /* uikit_mvvm_coordinator_demoUITestsLaunchTests.swift */ = {isa = PBXFileReference; lastKnownFileType = sourcecode.swift; path = uikit_mvvm_coordinator_demoUITestsLaunchTests.swift; sourceTree = "<group>"; };
/* End PBXFileReference section */

/* Begin PBXFrameworksBuildPhase section */
		A856D8AC29D720CC004FCE3A /* Frameworks */ = {
			isa = PBXFrameworksBuildPhase;
			buildActionMask = 2147483647;
			files = (
			);
			runOnlyForDeploymentPostprocessing = 0;
		};
		A856D8C229D720CD004FCE3A /* Frameworks */ = {
			isa = PBXFrameworksBuildPhase;
			buildActionMask = 2147483647;
			files = (
			);
			runOnlyForDeploymentPostprocessing = 0;
		};
		A856D8CC29D720CD004FCE3A /* Frameworks */ = {
			isa = PBXFrameworksBuildPhase;
			buildActionMask = 2147483647;
			files = (
			);
			runOnlyForDeploymentPostprocessing = 0;
		};
/* End PBXFrameworksBuildPhase section */

/* Begin PBXGroup section */
		A856D8A629D720CC004FCE3A = {
			isa = PBXGroup;
			children = (
				A856D8B129D720CC004FCE3A /* uikit-mvvm-coordinator-demo */,
				A856D8C829D720CD004FCE3A /* uikit-mvvm-coordinator-demoTests */,
				A856D8D229D720CD004FCE3A /* uikit-mvvm-coordinator-demoUITests */,
				A856D8B029D720CC004FCE3A /* Products */,
			);
			sourceTree = "<group>";
		};
		A856D8B029D720CC004FCE3A /* Products */ = {
			isa = PBXGroup;
			children = (
				A856D8AF29D720CC004FCE3A /* uikit-mvvm-coordinator-demo.app */,
				A856D8C529D720CD004FCE3A /* uikit-mvvm-coordinator-demoTests.xctest */,
				A856D8CF29D720CD004FCE3A /* uikit-mvvm-coordinator-demoUITests.xctest */,
			);
			name = Products;
			sourceTree = "<group>";
		};
		A856D8B129D720CC004FCE3A /* uikit-mvvm-coordinator-demo */ = {
			isa = PBXGroup;
			children = (
				A856D8B229D720CC004FCE3A /* AppDelegate.swift */,
				A856D8B429D720CC004FCE3A /* SceneDelegate.swift */,
				A856D8B629D720CC004FCE3A /* ViewController.swift */,
				A856D8B829D720CC004FCE3A /* Main.storyboard */,
				A856D8BB29D720CD004FCE3A /* Assets.xcassets */,
				A856D8BD29D720CD004FCE3A /* LaunchScreen.storyboard */,
				A856D8C029D720CD004FCE3A /* Info.plist */,
			);
			path = "uikit-mvvm-coordinator-demo";
			sourceTree = "<group>";
		};
		A856D8C829D720CD004FCE3A /* uikit-mvvm-coordinator-demoTests */ = {
			isa = PBXGroup;
			children = (
				A856D8C929D720CD004FCE3A /* uikit_mvvm_coordinator_demoTests.swift */,
			);
			path = "uikit-mvvm-coordinator-demoTests";
			sourceTree = "<group>";
		};
		A856D8D229D720CD004FCE3A /* uikit-mvvm-coordinator-demoUITests */ = {
			isa = PBXGroup;
			children = (
				A856D8D329D720CD004FCE3A /* uikit_mvvm_coordinator_demoUITests.swift */,
				A856D8D529D720CD004FCE3A /* uikit_mvvm_coordinator_demoUITestsLaunchTests.swift */,
			);
			path = "uikit-mvvm-coordinator-demoUITests";
			sourceTree = "<group>";
		};
/* End PBXGroup section */

/* Begin PBXNativeTarget section */
		A856D8AE29D720CC004FCE3A /* uikit-mvvm-coordinator-demo */ = {
			isa = PBXNativeTarget;
			buildConfigurationList = A856D8D929D720CD004FCE3A /* Build configuration list for PBXNativeTarget "uikit-mvvm-coordinator-demo" */;
			buildPhases = (
				A856D8AB29D720CC004FCE3A /* Sources */,
				A856D8AC29D720CC004FCE3A /* Frameworks */,
				A856D8AD29D720CC004FCE3A /* Resources */,
			);
			buildRules = (
			);
			dependencies = (
			);
			name = "uikit-mvvm-coordinator-demo";
			productName = "uikit-mvvm-coordinator-demo";
			productReference = A856D8AF29D720CC004FCE3A /* uikit-mvvm-coordinator-demo.app */;
			productType = "com.apple.product-type.application";
		};
		A856D8C429D720CD004FCE3A /* uikit-mvvm-coordinator-demoTests */ = {
			isa = PBXNativeTarget;
			buildConfigurationList = A856D8DC29D720CD004FCE3A /* Build configuration list for PBXNativeTarget "uikit-mvvm-coordinator-demoTests" */;
			buildPhases = (
				A856D8C129D720CD004FCE3A /* Sources */,
				A856D8C229D720CD004FCE3A /* Frameworks */,
				A856D8C329D720CD004FCE3A /* Resources */,
			);
			buildRules = (
			);
			dependencies = (
				A856D8C729D720CD004FCE3A /* PBXTargetDependency */,
			);
			name = "uikit-mvvm-coordinator-demoTests";
			productName = "uikit-mvvm-coordinator-demoTests";
			productReference = A856D8C529D720CD004FCE3A /* uikit-mvvm-coordinator-demoTests.xctest */;
			productType = "com.apple.product-type.bundle.unit-test";
		};
		A856D8CE29D720CD004FCE3A /* uikit-mvvm-coordinator-demoUITests */ = {
			isa = PBXNativeTarget;
			buildConfigurationList = A856D8DF29D720CD004FCE3A /* Build configuration list for PBXNativeTarget "uikit-mvvm-coordinator-demoUITests" */;
			buildPhases = (
				A856D8CB29D720CD004FCE3A /* Sources */,
				A856D8CC29D720CD004FCE3A /* Frameworks */,
				A856D8CD29D720CD004FCE3A /* Resources */,
			);
			buildRules = (
			);
			dependencies = (
				A856D8D129D720CD004FCE3A /* PBXTargetDependency */,
			);
			name = "uikit-mvvm-coordinator-demoUITests";
			productName = "uikit-mvvm-coordinator-demoUITests";
			productReference = A856D8CF29D720CD004FCE3A /* uikit-mvvm-coordinator-demoUITests.xctest */;
			productType = "com.apple.product-type.bundle.ui-testing";
		};
/* End PBXNativeTarget section */

/* Begin PBXProject section */
		A856D8A729D720CC004FCE3A /* Project object */ = {
			isa = PBXProject;
			attributes = {
				BuildIndependentTargetsInParallel = 1;
				LastSwiftUpdateCheck = 1420;
				LastUpgradeCheck = 1420;
				TargetAttributes = {
					A856D8AE29D720CC004FCE3A = {
						CreatedOnToolsVersion = 14.2;
					};
					A856D8C429D720CD004FCE3A = {
						CreatedOnToolsVersion = 14.2;
						TestTargetID = A856D8AE29D720CC004FCE3A;
					};
					A856D8CE29D720CD004FCE3A = {
						CreatedOnToolsVersion = 14.2;
						TestTargetID = A856D8AE29D720CC004FCE3A;
					};
				};
			};
			buildConfigurationList = A856D8AA29D720CC004FCE3A /* Build configuration list for PBXProject "uikit-mvvm-coordinator-demo" */;
			compatibilityVersion = "Xcode 14.0";
			developmentRegion = en;
			hasScannedForEncodings = 0;
			knownRegions = (
				en,
				Base,
			);
			mainGroup = A856D8A629D720CC004FCE3A;
			productRefGroup = A856D8B029D720CC004FCE3A /* Products */;
			projectDirPath = "";
			projectRoot = "";
			targets = (
				A856D8AE29D720CC004FCE3A /* uikit-mvvm-coordinator-demo */,
				A856D8C429D720CD004FCE3A /* uikit-mvvm-coordinator-demoTests */,
				A856D8CE29D720CD004FCE3A /* uikit-mvvm-coordinator-demoUITests */,
			);
		};
/* End PBXProject section */

/* Begin PBXResourcesBuildPhase section */
		A856D8AD29D720CC004FCE3A /* Resources */ = {
			isa = PBXResourcesBuildPhase;
			buildActionMask = 2147483647;
			files = (
				A856D8BF29D720CD004FCE3A /* LaunchScreen.storyboard in Resources */,
				A856D8BC29D720CD004FCE3A /* Assets.xcassets in Resources */,
				A856D8BA29D720CC004FCE3A /* Main.storyboard in Resources */,
			);
			runOnlyForDeploymentPostprocessing = 0;
		};
		A856D8C329D720CD004FCE3A /* Resources */ = {
			isa = PBXResourcesBuildPhase;
			buildActionMask = 2147483647;
			files = (
			);
			runOnlyForDeploymentPostprocessing = 0;
		};
		A856D8CD29D720CD004FCE3A /* Resources */ = {
			isa = PBXResourcesBuildPhase;
			buildActionMask = 2147483647;
			files = (
			);
			runOnlyForDeploymentPostprocessing = 0;
		};
/* End PBXResourcesBuildPhase section */

/* Begin PBXSourcesBuildPhase section */
		A856D8AB29D720CC004FCE3A /* Sources */ = {
			isa = PBXSourcesBuildPhase;
			buildActionMask = 2147483647;
			files = (
				A856D8B729D720CC004FCE3A /* ViewController.swift in Sources */,
				A856D8B329D720CC004FCE3A /* AppDelegate.swift in Sources */,
				A856D8B529D720CC004FCE3A /* SceneDelegate.swift in Sources */,
			);
			runOnlyForDeploymentPostprocessing = 0;
		};
		A856D8C129D720CD004FCE3A /* Sources */ = {
			isa = PBXSourcesBuildPhase;
			buildActionMask = 2147483647;
			files = (
				A856D8CA29D720CD004FCE3A /* uikit_mvvm_coordinator_demoTests.swift in Sources */,
			);
			runOnlyForDeploymentPostprocessing = 0;
		};
		A856D8CB29D720CD004FCE3A /* Sources */ = {
			isa = PBXSourcesBuildPhase;
			buildActionMask = 2147483647;
			files = (
				A856D8D429D720CD004FCE3A /* uikit_mvvm_coordinator_demoUITests.swift in Sources */,
				A856D8D629D720CD004FCE3A /* uikit_mvvm_coordinator_demoUITestsLaunchTests.swift in Sources */,
			);
			runOnlyForDeploymentPostprocessing = 0;
		};
/* End PBXSourcesBuildPhase section */

/* Begin PBXTargetDependency section */
		A856D8C729D720CD004FCE3A /* PBXTargetDependency */ = {
			isa = PBXTargetDependency;
			target = A856D8AE29D720CC004FCE3A /* uikit-mvvm-coordinator-demo */;
			targetProxy = A856D8C629D720CD004FCE3A /* PBXContainerItemProxy */;
		};
		A856D8D129D720CD004FCE3A /* PBXTargetDependency */ = {
			isa = PBXTargetDependency;
			target = A856D8AE29D720CC004FCE3A /* uikit-mvvm-coordinator-demo */;
			targetProxy = A856D8D029D720CD004FCE3A /* PBXContainerItemProxy */;
		};
/* End PBXTargetDependency section */

/* Begin PBXVariantGroup section */
		A856D8B829D720CC004FCE3A /* Main.storyboard */ = {
			isa = PBXVariantGroup;
			children = (
				A856D8B929D720CC004FCE3A /* Base */,
			);
			name = Main.storyboard;
			sourceTree = "<group>";
		};
		A856D8BD29D720CD004FCE3A /* LaunchScreen.storyboard */ = {
			isa = PBXVariantGroup;
			children = (
				A856D8BE29D720CD004FCE3A /* Base */,
			);
			name = LaunchScreen.storyboard;
			sourceTree = "<group>";
		};
/* End PBXVariantGroup section */

/* Begin XCBuildConfiguration section */
		A856D8D729D720CD004FCE3A /* Debug */ = {
			isa = XCBuildConfiguration;
			buildSettings = {
				ALWAYS_SEARCH_USER_PATHS = NO;
				CLANG_ANALYZER_NONNULL = YES;
				CLANG_ANALYZER_NUMBER_OBJECT_CONVERSION = YES_AGGRESSIVE;
				CLANG_CXX_LANGUAGE_STANDARD = "gnu++20";
				CLANG_ENABLE_MODULES = YES;
				CLANG_ENABLE_OBJC_ARC = YES;
				CLANG_ENABLE_OBJC_WEAK = YES;
				CLANG_WARN_BLOCK_CAPTURE_AUTORELEASING = YES;
				CLANG_WARN_BOOL_CONVERSION = YES;
				CLANG_WARN_COMMA = YES;
				CLANG_WARN_CONSTANT_CONVERSION = YES;
				CLANG_WARN_DEPRECATED_OBJC_IMPLEMENTATIONS = YES;
				CLANG_WARN_DIRECT_OBJC_ISA_USAGE = YES_ERROR;
				CLANG_WARN_DOCUMENTATION_COMMENTS = YES;
				CLANG_WARN_EMPTY_BODY = YES;
				CLANG_WARN_ENUM_CONVERSION = YES;
				CLANG_WARN_INFINITE_RECURSION = YES;
				CLANG_WARN_INT_CONVERSION = YES;
				CLANG_WARN_NON_LITERAL_NULL_CONVERSION = YES;
				CLANG_WARN_OBJC_IMPLICIT_RETAIN_SELF = YES;
				CLANG_WARN_OBJC_LITERAL_CONVERSION = YES;
				CLANG_WARN_OBJC_ROOT_CLASS = YES_ERROR;
				CLANG_WARN_QUOTED_INCLUDE_IN_FRAMEWORK_HEADER = YES;
				CLANG_WARN_RANGE_LOOP_ANALYSIS = YES;
				CLANG_WARN_STRICT_PROTOTYPES = YES;
				CLANG_WARN_SUSPICIOUS_MOVE = YES;
				CLANG_WARN_UNGUARDED_AVAILABILITY = YES_AGGRESSIVE;
				CLANG_WARN_UNREACHABLE_CODE = YES;
				CLANG_WARN__DUPLICATE_METHOD_MATCH = YES;
				COPY_PHASE_STRIP = NO;
				DEBUG_INFORMATION_FORMAT = dwarf;
				ENABLE_STRICT_OBJC_MSGSEND = YES;
				ENABLE_TESTABILITY = YES;
				GCC_C_LANGUAGE_STANDARD = gnu11;
				GCC_DYNAMIC_NO_PIC = NO;
				GCC_NO_COMMON_BLOCKS = YES;
				GCC_OPTIMIZATION_LEVEL = 0;
				GCC_PREPROCESSOR_DEFINITIONS = (
					"DEBUG=1",
					"$(inherited)",
				);
				GCC_WARN_64_TO_32_BIT_CONVERSION = YES;
				GCC_WARN_ABOUT_RETURN_TYPE = YES_ERROR;
				GCC_WARN_UNDECLARED_SELECTOR = YES;
				GCC_WARN_UNINITIALIZED_AUTOS = YES_AGGRESSIVE;
				GCC_WARN_UNUSED_FUNCTION = YES;
				GCC_WARN_UNUSED_VARIABLE = YES;
				IPHONEOS_DEPLOYMENT_TARGET = 16.2;
				MTL_ENABLE_DEBUG_INFO = INCLUDE_SOURCE;
				MTL_FAST_MATH = YES;
				ONLY_ACTIVE_ARCH = YES;
				SDKROOT = iphoneos;
				SWIFT_ACTIVE_COMPILATION_CONDITIONS = DEBUG;
				SWIFT_OPTIMIZATION_LEVEL = "-Onone";
			};
			name = Debug;
		};
		A856D8D829D720CD004FCE3A /* Release */ = {
			isa = XCBuildConfiguration;
			buildSettings = {
				ALWAYS_SEARCH_USER_PATHS = NO;
				CLANG_ANALYZER_NONNULL = YES;
				CLANG_ANALYZER_NUMBER_OBJECT_CONVERSION = YES_AGGRESSIVE;
				CLANG_CXX_LANGUAGE_STANDARD = "gnu++20";
				CLANG_ENABLE_MODULES = YES;
				CLANG_ENABLE_OBJC_ARC = YES;
				CLANG_ENABLE_OBJC_WEAK = YES;
				CLANG_WARN_BLOCK_CAPTURE_AUTORELEASING = YES;
				CLANG_WARN_BOOL_CONVERSION = YES;
				CLANG_WARN_COMMA = YES;
				CLANG_WARN_CONSTANT_CONVERSION = YES;
				CLANG_WARN_DEPRECATED_OBJC_IMPLEMENTATIONS = YES;
				CLANG_WARN_DIRECT_OBJC_ISA_USAGE = YES_ERROR;
				CLANG_WARN_DOCUMENTATION_COMMENTS = YES;
				CLANG_WARN_EMPTY_BODY = YES;
				CLANG_WARN_ENUM_CONVERSION = YES;
				CLANG_WARN_INFINITE_RECURSION = YES;
				CLANG_WARN_INT_CONVERSION = YES;
				CLANG_WARN_NON_LITERAL_NULL_CONVERSION = YES;
				CLANG_WARN_OBJC_IMPLICIT_RETAIN_SELF = YES;
				CLANG_WARN_OBJC_LITERAL_CONVERSION = YES;
				CLANG_WARN_OBJC_ROOT_CLASS = YES_ERROR;
				CLANG_WARN_QUOTED_INCLUDE_IN_FRAMEWORK_HEADER = YES;
				CLANG_WARN_RANGE_LOOP_ANALYSIS = YES;
				CLANG_WARN_STRICT_PROTOTYPES = YES;
				CLANG_WARN_SUSPICIOUS_MOVE = YES;
				CLANG_WARN_UNGUARDED_AVAILABILITY = YES_AGGRESSIVE;
				CLANG_WARN_UNREACHABLE_CODE = YES;
				CLANG_WARN__DUPLICATE_METHOD_MATCH = YES;
				COPY_PHASE_STRIP = NO;
				DEBUG_INFORMATION_FORMAT = "dwarf-with-dsym";
				ENABLE_NS_ASSERTIONS = NO;
				ENABLE_STRICT_OBJC_MSGSEND = YES;
				GCC_C_LANGUAGE_STANDARD = gnu11;
				GCC_NO_COMMON_BLOCKS = YES;
				GCC_WARN_64_TO_32_BIT_CONVERSION = YES;
				GCC_WARN_ABOUT_RETURN_TYPE = YES_ERROR;
				GCC_WARN_UNDECLARED_SELECTOR = YES;
				GCC_WARN_UNINITIALIZED_AUTOS = YES_AGGRESSIVE;
				GCC_WARN_UNUSED_FUNCTION = YES;
				GCC_WARN_UNUSED_VARIABLE = YES;
				IPHONEOS_DEPLOYMENT_TARGET = 16.2;
				MTL_ENABLE_DEBUG_INFO = NO;
				MTL_FAST_MATH = YES;
				SDKROOT = iphoneos;
				SWIFT_COMPILATION_MODE = wholemodule;
				SWIFT_OPTIMIZATION_LEVEL = "-O";
				VALIDATE_PRODUCT = YES;
			};
			name = Release;
		};
		A856D8DA29D720CD004FCE3A /* Debug */ = {
			isa = XCBuildConfiguration;
			buildSettings = {
				ASSETCATALOG_COMPILER_APPICON_NAME = AppIcon;
				ASSETCATALOG_COMPILER_GLOBAL_ACCENT_COLOR_NAME = AccentColor;
				CODE_SIGN_STYLE = Automatic;
				CURRENT_PROJECT_VERSION = 1;
				GENERATE_INFOPLIST_FILE = YES;
				INFOPLIST_FILE = "uikit-mvvm-coordinator-demo/Info.plist";
				INFOPLIST_KEY_UIApplicationSupportsIndirectInputEvents = YES;
				INFOPLIST_KEY_UILaunchStoryboardName = LaunchScreen;
				INFOPLIST_KEY_UIMainStoryboardFile = Main;
				INFOPLIST_KEY_UISupportedInterfaceOrientations_iPad = "UIInterfaceOrientationPortrait UIInterfaceOrientationPortraitUpsideDown UIInterfaceOrientationLandscapeLeft UIInterfaceOrientationLandscapeRight";
				INFOPLIST_KEY_UISupportedInterfaceOrientations_iPhone = "UIInterfaceOrientationPortrait UIInterfaceOrientationLandscapeLeft UIInterfaceOrientationLandscapeRight";
				LD_RUNPATH_SEARCH_PATHS = (
					"$(inherited)",
					"@executable_path/Frameworks",
				);
				MARKETING_VERSION = 1.0;
				PRODUCT_BUNDLE_IDENTIFIER = "keke.uikit-mvvm-coordinator-demo";
				PRODUCT_NAME = "$(TARGET_NAME)";
				SWIFT_EMIT_LOC_STRINGS = YES;
				SWIFT_VERSION = 5.0;
				TARGETED_DEVICE_FAMILY = "1,2";
			};
			name = Debug;
		};
		A856D8DB29D720CD004FCE3A /* Release */ = {
			isa = XCBuildConfiguration;
			buildSettings = {
				ASSETCATALOG_COMPILER_APPICON_NAME = AppIcon;
				ASSETCATALOG_COMPILER_GLOBAL_ACCENT_COLOR_NAME = AccentColor;
				CODE_SIGN_STYLE = Automatic;
				CURRENT_PROJECT_VERSION = 1;
				GENERATE_INFOPLIST_FILE = YES;
				INFOPLIST_FILE = "uikit-mvvm-coordinator-demo/Info.plist";
				INFOPLIST_KEY_UIApplicationSupportsIndirectInputEvents = YES;
				INFOPLIST_KEY_UILaunchStoryboardName = LaunchScreen;
				INFOPLIST_KEY_UIMainStoryboardFile = Main;
				INFOPLIST_KEY_UISupportedInterfaceOrientations_iPad = "UIInterfaceOrientationPortrait UIInterfaceOrientationPortraitUpsideDown UIInterfaceOrientationLandscapeLeft UIInterfaceOrientationLandscapeRight";
				INFOPLIST_KEY_UISupportedInterfaceOrientations_iPhone = "UIInterfaceOrientationPortrait UIInterfaceOrientationLandscapeLeft UIInterfaceOrientationLandscapeRight";
				LD_RUNPATH_SEARCH_PATHS = (
					"$(inherited)",
					"@executable_path/Frameworks",
				);
				MARKETING_VERSION = 1.0;
				PRODUCT_BUNDLE_IDENTIFIER = "keke.uikit-mvvm-coordinator-demo";
				PRODUCT_NAME = "$(TARGET_NAME)";
				SWIFT_EMIT_LOC_STRINGS = YES;
				SWIFT_VERSION = 5.0;
				TARGETED_DEVICE_FAMILY = "1,2";
			};
			name = Release;
		};
		A856D8DD29D720CD004FCE3A /* Debug */ = {
			isa = XCBuildConfiguration;
			buildSettings = {
				ALWAYS_EMBED_SWIFT_STANDARD_LIBRARIES = YES;
				BUNDLE_LOADER = "$(TEST_HOST)";
				CODE_SIGN_STYLE = Automatic;
				CURRENT_PROJECT_VERSION = 1;
				GENERATE_INFOPLIST_FILE = YES;
				IPHONEOS_DEPLOYMENT_TARGET = 16.2;
				MARKETING_VERSION = 1.0;
				PRODUCT_BUNDLE_IDENTIFIER = "keke.uikit-mvvm-coordinator-demoTests";
				PRODUCT_NAME = "$(TARGET_NAME)";
				SWIFT_EMIT_LOC_STRINGS = NO;
				SWIFT_VERSION = 5.0;
				TARGETED_DEVICE_FAMILY = "1,2";
				TEST_HOST = "$(BUILT_PRODUCTS_DIR)/uikit-mvvm-coordinator-demo.app/$(BUNDLE_EXECUTABLE_FOLDER_PATH)/uikit-mvvm-coordinator-demo";
			};
			name = Debug;
		};
		A856D8DE29D720CD004FCE3A /* Release */ = {
			isa = XCBuildConfiguration;
			buildSettings = {
				ALWAYS_EMBED_SWIFT_STANDARD_LIBRARIES = YES;
				BUNDLE_LOADER = "$(TEST_HOST)";
				CODE_SIGN_STYLE = Automatic;
				CURRENT_PROJECT_VERSION = 1;
				GENERATE_INFOPLIST_FILE = YES;
				IPHONEOS_DEPLOYMENT_TARGET = 16.2;
				MARKETING_VERSION = 1.0;
				PRODUCT_BUNDLE_IDENTIFIER = "keke.uikit-mvvm-coordinator-demoTests";
				PRODUCT_NAME = "$(TARGET_NAME)";
				SWIFT_EMIT_LOC_STRINGS = NO;
				SWIFT_VERSION = 5.0;
				TARGETED_DEVICE_FAMILY = "1,2";
				TEST_HOST = "$(BUILT_PRODUCTS_DIR)/uikit-mvvm-coordinator-demo.app/$(BUNDLE_EXECUTABLE_FOLDER_PATH)/uikit-mvvm-coordinator-demo";
			};
			name = Release;
		};
		A856D8E029D720CD004FCE3A /* Debug */ = {
			isa = XCBuildConfiguration;
			buildSettings = {
				ALWAYS_EMBED_SWIFT_STANDARD_LIBRARIES = YES;
				CODE_SIGN_STYLE = Automatic;
				CURRENT_PROJECT_VERSION = 1;
				GENERATE_INFOPLIST_FILE = YES;
				MARKETING_VERSION = 1.0;
				PRODUCT_BUNDLE_IDENTIFIER = "keke.uikit-mvvm-coordinator-demoUITests";
				PRODUCT_NAME = "$(TARGET_NAME)";
				SWIFT_EMIT_LOC_STRINGS = NO;
				SWIFT_VERSION = 5.0;
				TARGETED_DEVICE_FAMILY = "1,2";
				TEST_TARGET_NAME = "uikit-mvvm-coordinator-demo";
			};
			name = Debug;
		};
		A856D8E129D720CD004FCE3A /* Release */ = {
			isa = XCBuildConfiguration;
			buildSettings = {
				ALWAYS_EMBED_SWIFT_STANDARD_LIBRARIES = YES;
				CODE_SIGN_STYLE = Automatic;
				CURRENT_PROJECT_VERSION = 1;
				GENERATE_INFOPLIST_FILE = YES;
				MARKETING_VERSION = 1.0;
				PRODUCT_BUNDLE_IDENTIFIER = "keke.uikit-mvvm-coordinator-demoUITests";
				PRODUCT_NAME = "$(TARGET_NAME)";
				SWIFT_EMIT_LOC_STRINGS = NO;
				SWIFT_VERSION = 5.0;
				TARGETED_DEVICE_FAMILY = "1,2";
				TEST_TARGET_NAME = "uikit-mvvm-coordinator-demo";
			};
			name = Release;
		};
/* End XCBuildConfiguration section */

/* Begin XCConfigurationList section */
		A856D8AA29D720CC004FCE3A /* Build configuration list for PBXProject "uikit-mvvm-coordinator-demo" */ = {
			isa = XCConfigurationList;
			buildConfigurations = (
				A856D8D729D720CD004FCE3A /* Debug */,
				A856D8D829D720CD004FCE3A /* Release */,
			);
			defaultConfigurationIsVisible = 0;
			defaultConfigurationName = Release;
		};
		A856D8D929D720CD004FCE3A /* Build configuration list for PBXNativeTarget "uikit-mvvm-coordinator-demo" */ = {
			isa = XCConfigurationList;
			buildConfigurations = (
				A856D8DA29D720CD004FCE3A /* Debug */,
				A856D8DB29D720CD004FCE3A /* Release */,
			);
			defaultConfigurationIsVisible = 0;
			defaultConfigurationName = Release;
		};
		A856D8DC29D720CD004FCE3A /* Build configuration list for PBXNativeTarget "uikit-mvvm-coordinator-demoTests" */ = {
			isa = XCConfigurationList;
			buildConfigurations = (
				A856D8DD29D720CD004FCE3A /* Debug */,
				A856D8DE29D720CD004FCE3A /* Release */,
			);
			defaultConfigurationIsVisible = 0;
			defaultConfigurationName = Release;
		};
		A856D8DF29D720CD004FCE3A /* Build configuration list for PBXNativeTarget "uikit-mvvm-coordinator-demoUITests" */ = {
			isa = XCConfigurationList;
			buildConfigurations = (
				A856D8E029D720CD004FCE3A /* Debug */,
				A856D8E129D720CD004FCE3A /* Release */,
			);
			defaultConfigurationIsVisible = 0;
			defaultConfigurationName = Release;
		};
/* End XCConfigurationList section */
	};
	rootObject = A856D8A729D720CC004FCE3A /* Project object */;
}
